
Microsoft Visual Studio Solution File, Format Version 12.00
# Visual Studio Version 16
VisualStudioVersion = 16.0.31025.194
MinimumVisualStudioVersion = 10.0.40219.1
Project("{FAE04EC0-301F-11D3-BF4B-00C04F79EFBC}") = "Objektorientiert", "Objektorientiert.csproj", "{D2FFAFE5-0BDB-48F0-9717-2686DD5FC6F6}"
EndProject
Global
	GlobalSection(SolutionConfigurationPlatforms) = preSolution
		Debug|Any CPU = Debug|Any CPU
		Release|Any CPU = Release|Any CPU
	EndGlobalSection
	GlobalSection(ProjectConfigurationPlatforms) = postSolution
		{D2FFAFE5-0BDB-48F0-9717-2686DD5FC6F6}.Debug|Any CPU.ActiveCfg = Debug|Any CPU
		{D2FFAFE5-0BDB-48F0-9717-2686DD5FC6F6}.Debug|Any CPU.Build.0 = Debug|Any CPU
		{D2FFAFE5-0BDB-48F0-9717-2686DD5FC6F6}.Release|Any CPU.ActiveCfg = Release|Any CPU
		{D2FFAFE5-0BDB-48F0-9717-2686DD5FC6F6}.Release|Any CPU.Build.0 = Release|Any CPU
	EndGlobalSection
	GlobalSection(SolutionProperties) = preSolution
		HideSolutionNode = FALSE
	EndGlobalSection
	GlobalSection(ExtensibilityGlobals) = postSolution
		SolutionGuid = {6C9F88A3-D471-425E-98D0-2FF50D58F9A9}
	EndGlobalSection
EndGlobal
