
Microsoft Visual Studio Solution File, Format Version 12.00
# Visual Studio Version 16
VisualStudioVersion = 16.0.31025.194
MinimumVisualStudioVersion = 10.0.40219.1
Project("{FAE04EC0-301F-11D3-BF4B-00C04F79EFBC}") = "Sprint1", "Sprint1\Sprint1.csproj", "{771EEB37-2361-4C7A-B55B-8135B1ADB05F}"
EndProject
Global
	GlobalSection(SolutionConfigurationPlatforms) = preSolution
		Debug|Any CPU = Debug|Any CPU
		Release|Any CPU = Release|Any CPU
	EndGlobalSection
	GlobalSection(ProjectConfigurationPlatforms) = postSolution
		{771EEB37-2361-4C7A-B55B-8135B1ADB05F}.Debug|Any CPU.ActiveCfg = Debug|Any CPU
		{771EEB37-2361-4C7A-B55B-8135B1ADB05F}.Debug|Any CPU.Build.0 = Debug|Any CPU
		{771EEB37-2361-4C7A-B55B-8135B1ADB05F}.Release|Any CPU.ActiveCfg = Release|Any CPU
		{771EEB37-2361-4C7A-B55B-8135B1ADB05F}.Release|Any CPU.Build.0 = Release|Any CPU
	EndGlobalSection
	GlobalSection(SolutionProperties) = preSolution
		HideSolutionNode = FALSE
	EndGlobalSection
	GlobalSection(ExtensibilityGlobals) = postSolution
		SolutionGuid = {D157DCA7-F4CD-49D9-918F-1C8B3964B898}
	EndGlobalSection
EndGlobal
