
Microsoft Visual Studio Solution File, Format Version 12.00
# Visual Studio Version 16
VisualStudioVersion = 16.0.31025.194
MinimumVisualStudioVersion = 10.0.40219.1
Project("{FAE04EC0-301F-11D3-BF4B-00C04F79EFBC}") = "ConsoleApp3", "ConsoleApp3\ConsoleApp3.csproj", "{3A9EB6BF-903F-46D1-A08B-C4AC40763B41}"
EndProject
Global
	GlobalSection(SolutionConfigurationPlatforms) = preSolution
		Debug|Any CPU = Debug|Any CPU
		Release|Any CPU = Release|Any CPU
	EndGlobalSection
	GlobalSection(ProjectConfigurationPlatforms) = postSolution
		{3A9EB6BF-903F-46D1-A08B-C4AC40763B41}.Debug|Any CPU.ActiveCfg = Debug|Any CPU
		{3A9EB6BF-903F-46D1-A08B-C4AC40763B41}.Debug|Any CPU.Build.0 = Debug|Any CPU
		{3A9EB6BF-903F-46D1-A08B-C4AC40763B41}.Release|Any CPU.ActiveCfg = Release|Any CPU
		{3A9EB6BF-903F-46D1-A08B-C4AC40763B41}.Release|Any CPU.Build.0 = Release|Any CPU
	EndGlobalSection
	GlobalSection(SolutionProperties) = preSolution
		HideSolutionNode = FALSE
	EndGlobalSection
	GlobalSection(ExtensibilityGlobals) = postSolution
		SolutionGuid = {8ACFE836-048A-44D0-8DD0-F1D9103CE762}
	EndGlobalSection
EndGlobal
