
Microsoft Visual Studio Solution File, Format Version 12.00
# Visual Studio Version 16
VisualStudioVersion = 16.0.31025.194
MinimumVisualStudioVersion = 10.0.40219.1
Project("{FAE04EC0-301F-11D3-BF4B-00C04F79EFBC}") = "Lars programm", "Lars programm\Lars programm.csproj", "{72654A85-4C60-4871-8690-A262EA3CD8F1}"
EndProject
Global
	GlobalSection(SolutionConfigurationPlatforms) = preSolution
		Debug|Any CPU = Debug|Any CPU
		Release|Any CPU = Release|Any CPU
	EndGlobalSection
	GlobalSection(ProjectConfigurationPlatforms) = postSolution
		{72654A85-4C60-4871-8690-A262EA3CD8F1}.Debug|Any CPU.ActiveCfg = Debug|Any CPU
		{72654A85-4C60-4871-8690-A262EA3CD8F1}.Debug|Any CPU.Build.0 = Debug|Any CPU
		{72654A85-4C60-4871-8690-A262EA3CD8F1}.Release|Any CPU.ActiveCfg = Release|Any CPU
		{72654A85-4C60-4871-8690-A262EA3CD8F1}.Release|Any CPU.Build.0 = Release|Any CPU
	EndGlobalSection
	GlobalSection(SolutionProperties) = preSolution
		HideSolutionNode = FALSE
	EndGlobalSection
	GlobalSection(ExtensibilityGlobals) = postSolution
		SolutionGuid = {E727E3B5-4C12-4ABA-8ACA-478FC769A1B4}
	EndGlobalSection
EndGlobal
