
Microsoft Visual Studio Solution File, Format Version 12.00
# Visual Studio Version 16
VisualStudioVersion = 16.0.31205.134
MinimumVisualStudioVersion = 10.0.40219.1
Project("{FAE04EC0-301F-11D3-BF4B-00C04F79EFBC}") = "ConsoleApp1", "ConsoleApp1\ConsoleApp1.csproj", "{EDE43131-0C77-4C6C-872C-FA6CEDA87BC5}"
EndProject
Global
	GlobalSection(SolutionConfigurationPlatforms) = preSolution
		Debug|Any CPU = Debug|Any CPU
		Release|Any CPU = Release|Any CPU
	EndGlobalSection
	GlobalSection(ProjectConfigurationPlatforms) = postSolution
		{EDE43131-0C77-4C6C-872C-FA6CEDA87BC5}.Debug|Any CPU.ActiveCfg = Debug|Any CPU
		{EDE43131-0C77-4C6C-872C-FA6CEDA87BC5}.Debug|Any CPU.Build.0 = Debug|Any CPU
		{EDE43131-0C77-4C6C-872C-FA6CEDA87BC5}.Release|Any CPU.ActiveCfg = Release|Any CPU
		{EDE43131-0C77-4C6C-872C-FA6CEDA87BC5}.Release|Any CPU.Build.0 = Release|Any CPU
	EndGlobalSection
	GlobalSection(SolutionProperties) = preSolution
		HideSolutionNode = FALSE
	EndGlobalSection
	GlobalSection(ExtensibilityGlobals) = postSolution
		SolutionGuid = {C2F6F2AB-1A2C-450D-9B2B-D2EE25BD9B52}
	EndGlobalSection
EndGlobal
